
Microsoft Visual Studio Solution File, Format Version 12.00
# Visual Studio 15
VisualStudioVersion = 15.0.28307.1145
MinimumVisualStudioVersion = 10.0.40219.1
Project("{9A19103F-16F7-4668-BE54-9A1E7A4F7556}") = "Auto", "UnitTestProject7\Auto.csproj", "{672586FA-0A43-41A1-903A-B37B67AB64D5}"
EndProject
Project("{9A19103F-16F7-4668-BE54-9A1E7A4F7556}") = "NextProject", "UnitTestProject1\NextProject.csproj", "{01077DF3-3CC1-4CD8-9BD9-2347C9C7AE5A}"
EndProject
Project("{9A19103F-16F7-4668-BE54-9A1E7A4F7556}") = "CostaProject", "CostaProject\CostaProject.csproj", "{3AE9F368-3C8E-4506-B374-A354A81B4A7F}"
EndProject
Project("{FAE04EC0-301F-11D3-BF4B-00C04F79EFBC}") = "CostaProject,com", "CostaProject,com\CostaProject,com.csproj", "{92E0E458-1753-41CC-BC51-BDEDB43011C3}"
EndProject
Global
	GlobalSection(SolutionConfigurationPlatforms) = preSolution
		Debug|Any CPU = Debug|Any CPU
		Release|Any CPU = Release|Any CPU
	EndGlobalSection
	GlobalSection(ProjectConfigurationPlatforms) = postSolution
		{672586FA-0A43-41A1-903A-B37B67AB64D5}.Debug|Any CPU.ActiveCfg = Debug|Any CPU
		{672586FA-0A43-41A1-903A-B37B67AB64D5}.Debug|Any CPU.Build.0 = Debug|Any CPU
		{672586FA-0A43-41A1-903A-B37B67AB64D5}.Release|Any CPU.ActiveCfg = Release|Any CPU
		{672586FA-0A43-41A1-903A-B37B67AB64D5}.Release|Any CPU.Build.0 = Release|Any CPU
		{01077DF3-3CC1-4CD8-9BD9-2347C9C7AE5A}.Debug|Any CPU.ActiveCfg = Debug|Any CPU
		{01077DF3-3CC1-4CD8-9BD9-2347C9C7AE5A}.Debug|Any CPU.Build.0 = Debug|Any CPU
		{01077DF3-3CC1-4CD8-9BD9-2347C9C7AE5A}.Release|Any CPU.ActiveCfg = Release|Any CPU
		{01077DF3-3CC1-4CD8-9BD9-2347C9C7AE5A}.Release|Any CPU.Build.0 = Release|Any CPU
		{3AE9F368-3C8E-4506-B374-A354A81B4A7F}.Debug|Any CPU.ActiveCfg = Debug|Any CPU
		{3AE9F368-3C8E-4506-B374-A354A81B4A7F}.Debug|Any CPU.Build.0 = Debug|Any CPU
		{3AE9F368-3C8E-4506-B374-A354A81B4A7F}.Release|Any CPU.ActiveCfg = Release|Any CPU
		{3AE9F368-3C8E-4506-B374-A354A81B4A7F}.Release|Any CPU.Build.0 = Release|Any CPU
		{92E0E458-1753-41CC-BC51-BDEDB43011C3}.Debug|Any CPU.ActiveCfg = Debug|Any CPU
		{92E0E458-1753-41CC-BC51-BDEDB43011C3}.Debug|Any CPU.Build.0 = Debug|Any CPU
		{92E0E458-1753-41CC-BC51-BDEDB43011C3}.Release|Any CPU.ActiveCfg = Release|Any CPU
		{92E0E458-1753-41CC-BC51-BDEDB43011C3}.Release|Any CPU.Build.0 = Release|Any CPU
	EndGlobalSection
	GlobalSection(SolutionProperties) = preSolution
		HideSolutionNode = FALSE
	EndGlobalSection
	GlobalSection(ExtensibilityGlobals) = postSolution
		SolutionGuid = {4D5AA6BA-BA8D-4424-A94B-B1B5E1247477}
	EndGlobalSection
EndGlobal
